{
  "requires": true,
  "lockfileVersion": 1,
  "dependencies": {
    "sweetalert2": {
      "version": "8.17.4",
      "resolved": "https://registry.npmjs.org/sweetalert2/-/sweetalert2-8.17.4.tgz",
      "integrity": "sha512-+TPiBKwdhke1L5W8irYavtB+SCgWr24IyIWz1AivpA9goCH6YQ/KYpllHjktT7uGa/PPwAPk/f/vstuexNtR7A=="
    }
  }
}
